
Microsoft Visual Studio Solution File, Format Version 12.00
# Visual Studio 15
VisualStudioVersion = 15.0.28306.52
MinimumVisualStudioVersion = 10.0.40219.1
Project("{9A19103F-16F7-4668-BE54-9A1E7A4F7556}") = "WebApi", "WebApi.csproj", "{73DA5CAC-6A88-4A52-A712-87961B5831B5}"
EndProject
Global
	GlobalSection(SolutionConfigurationPlatforms) = preSolution
		Debug|Any CPU = Debug|Any CPU
		Release|Any CPU = Release|Any CPU
	EndGlobalSection
	GlobalSection(ProjectConfigurationPlatforms) = postSolution
		{73DA5CAC-6A88-4A52-A712-87961B5831B5}.Debug|Any CPU.ActiveCfg = Debug|Any CPU
		{73DA5CAC-6A88-4A52-A712-87961B5831B5}.Debug|Any CPU.Build.0 = Debug|Any CPU
		{73DA5CAC-6A88-4A52-A712-87961B5831B5}.Release|Any CPU.ActiveCfg = Release|Any CPU
		{73DA5CAC-6A88-4A52-A712-87961B5831B5}.Release|Any CPU.Build.0 = Release|Any CPU
	EndGlobalSection
	GlobalSection(SolutionProperties) = preSolution
		HideSolutionNode = FALSE
	EndGlobalSection
	GlobalSection(ExtensibilityGlobals) = postSolution
		SolutionGuid = {0EDE2289-5B32-49A9-AE08-6BB3E11E9D4B}
	EndGlobalSection
EndGlobal
